dependencies:
- name: common
  repository: https://bjw-s-labs.github.io/helm-charts
  version: 4.4.0
- name: postgresql
  repository: https://charts.bitnami.com/bitnami
  version: 18.1.4
digest: sha256:03df96b6f28acd9a07f0c424ec96128b72dadf392c980d0c574850c68e5ce1a7
generated: "2025-11-07T10:08:26.011478774Z"
