dependencies:
- name: common
  repository: https://bjw-s-labs.github.io/helm-charts
  version: 4.3.0
- name: postgresql
  repository: https://charts.bitnami.com/bitnami
  version: 18.0.15
digest: sha256:15d61e2dc986a90bbd38543b5ba95058e61d75206e8700cfa1c43f091fc11150
generated: "2025-10-17T12:23:38.974024077Z"
