dependencies:
- name: common
  repository: https://bjw-s-labs.github.io/helm-charts
  version: 4.4.0
- name: postgresql
  repository: oci://registry-1.docker.io/bitnamicharts
  version: 18.1.8
digest: sha256:ac5269931776c5107a078ae1526b3baf0a1e2959e5b6d5bd686312ce17f8167d
generated: "2025-11-14T09:39:53.064479374Z"
