dependencies:
- name: common
  repository: https://bjw-s-labs.github.io/helm-charts
  version: 4.1.2
- name: redis
  repository: https://charts.bitnami.com/bitnami
  version: 21.2.7
digest: sha256:d244b9f7eee80a3422b645f00d23dbc6e8fc36d6de81f6ab2d520092183085bb
generated: "2025-07-07T19:08:37.020478+03:00"
