dependencies:
- name: common
  repository: https://yukariin.github.io/helm-charts
  version: 0.1.1
- name: redis
  repository: https://charts.bitnami.com/bitnami
  version: 20.7.0
digest: sha256:c105dd1b66bb02abb314694a78950dcaa061da5bf79aca53204cadb61fa6033a
generated: "2025-07-07T17:27:29.11632+03:00"
