dependencies:
- name: common
  repository: https://bjw-s-labs.github.io/helm-charts
  version: 4.1.2
- name: redis
  repository: https://charts.bitnami.com/bitnami
  version: 21.2.10
digest: sha256:6fafc710683c5aa98941fa11edc66794da38d5f7eff53a1386a36875b6b5aa86
generated: "2025-07-11T18:23:29.221707976Z"
