dependencies:
- name: common
  repository: https://bjw-s-labs.github.io/helm-charts
  version: 4.4.0
- name: tika
  repository: https://apache.jfrog.io/artifactory/tika
  version: 3.2.2
- name: gotenberg
  repository: https://maikumori.github.io/helm-charts
  version: 1.9.1
digest: sha256:509e6d78abe693359409d6a7c963e4a5f2918052663d300493063fe07ced90d9
generated: "2025-11-09T16:23:45.088868345Z"
