dependencies:
- name: common
  repository: https://bjw-s-labs.github.io/helm-charts
  version: 4.1.2
- name: postgresql
  repository: https://charts.bitnami.com/bitnami
  version: 16.7.21
- name: mariadb
  repository: https://charts.bitnami.com/bitnami
  version: 21.0.4
digest: sha256:b65a33024531ef095f17753c6ff72b630b677ce9a74099891e6c3ac4e56f4f80
generated: "2025-08-08T01:34:26.592669573Z"
