dependencies:
- name: common
  repository: https://bjw-s-labs.github.io/helm-charts
  version: 4.1.2
- name: postgresql
  repository: https://charts.bitnami.com/bitnami
  version: 16.7.19
- name: mariadb
  repository: https://charts.bitnami.com/bitnami
  version: 21.0.3
digest: sha256:9cf49f2d94beb331eb3204900c5c81982985fde8cb2b684fe8433f5d67055566
generated: "2025-07-16T07:00:46.375741616Z"
